{
  "nodes": {
    "ekko": {
      "inputs": {
        "nixpkgs": [
          "nixpkgs"
        ],
        "terminal-browser": "terminal-browser"
      },
      "locked": {
        "lastModified": 1790593734,
        "narHash": "sha256-xESCq261Yd1/DLY7nasE0O41U0saXqalGt480zihnC0=",
        "owner": "y0usaf",
        "repo": "ekko",
        "rev": "0f579f0de0bc33ec0cdea552de4366fe06a4ee30",
        "type": "github"
      },
      "original": {
        "owner": "y0usaf",
        "repo": "ekko",
        "type": "github"
      }
    },
    "nixpkgs": {
      "locked": {
        "lastModified": 1787498568,
        "narHash": "sha256-9i/VTdusq/+NM/tz+J1Re+ojkMB8MBf0QshnYfzHz30=",
        "owner": "NixOS",
        "repo": "nixpkgs",
        "rev": "56c02bc00adcf003215cc4bd996d6efaf4cff188",
        "type": "github"
      },
      "original": {
        "owner": "NixOS",
        "ref": "nixos-unstable",
        "repo": "nixpkgs",
        "type": "github"
      }
    },
    "pi": {
      "inputs": {
        "nixpkgs": [
          "nixpkgs"
        ],
        "nixpkgs-darwin-x64": [
          "nixpkgs"
        ]
      },
      "locked": {
        "lastModified": 1791074476,
        "narHash": "sha256-DjWJE7KcCdNF/M3RrO76rKCSd6oFLo2dX9wFT0nwEXk=",
        "owner": "earendil-works",
        "repo": "pi",
        "rev": "cd32f7725fdbddbaecdff5b1e68491563394e0ca",
        "type": "github"
      },
      "original": {
        "owner": "earendil-works",
        "ref": "v1.0.2",
        "repo": "pi",
        "type": "github"
      }
    },
    "root": {
      "inputs": {
        "ekko": "ekko",
        "nixpkgs": "nixpkgs",
        "pi": "pi"
      }
    },
    "terminal-browser": {
      "flake": false,
      "locked": {
        "lastModified": 1787294939,
        "narHash": "sha256-JECCEkdd1sryzKt/hYRzCiSLl6u6tThnob8B1cLMjtE=",
        "owner": "zenbu-labs",
        "repo": "terminal-browser",
        "rev": "cce10b6131d15bf46a3e4b8dc827e0544ff7fc65",
        "type": "github"
      },
      "original": {
        "owner": "zenbu-labs",
        "repo": "terminal-browser",
        "rev": "cce10b6131d15bf46a3e4b8dc827e0544ff7fc65",
        "type": "github"
      }
    }
  },
  "root": "root",
  "version": 7
}
